// !$*UTF8*$!
{
	archiveVersion = 1;
	classes = {
	};
	objectVersion = 56;
	objects = {

/* Begin PBXBuildFile section */
		431E16DB2B37492E000F132E /* AppDelegate.swift in Sources */ = {isa = PBXBuildFile; fileRef = 431E16DA2B37492E000F132E /* AppDelegate.swift */; };
		431E16DD2B37492E000F132E /* SceneDelegate.swift in Sources */ = {isa = PBXBuildFile; fileRef = 431E16DC2B37492E000F132E /* SceneDelegate.swift */; };
		431E16E22B37492E000F132E /* Main.storyboard in Resources */ = {isa = PBXBuildFile; fileRef = 431E16E02B37492E000F132E /* Main.storyboard */; };
		431E16E42B37492F000F132E /* Assets.xcassets in Resources */ = {isa = PBXBuildFile; fileRef = 431E16E32B37492F000F132E /* Assets.xcassets */; };
		431E16E72B37492F000F132E /* LaunchScreen.storyboard in Resources */ = {isa = PBXBuildFile; fileRef = 431E16E52B37492F000F132E /* LaunchScreen.storyboard */; };
		431E16FA2B374AA9000F132E /* ProductModel.swift in Sources */ = {isa = PBXBuildFile; fileRef = 431E16F92B374AA9000F132E /* ProductModel.swift */; };
		431E16FC2B374BF0000F132E /* ApiManager.swift in Sources */ = {isa = PBXBuildFile; fileRef = 431E16FB2B374BF0000F132E /* ApiManager.swift */; };
		431E16FE2B375D63000F132E /* Constant.swift in Sources */ = {isa = PBXBuildFile; fileRef = 431E16FD2B375D63000F132E /* Constant.swift */; };
		431E17002B37674D000F132E /* ProductListViewController.swift in Sources */ = {isa = PBXBuildFile; fileRef = 431E16FF2B37674D000F132E /* ProductListViewController.swift */; };
		431E17022B376931000F132E /* ProductViewModel.swift in Sources */ = {isa = PBXBuildFile; fileRef = 431E17012B376931000F132E /* ProductViewModel.swift */; };
/* End PBXBuildFile section */

/* Begin PBXFileReference section */
		431E16D72B37492E000F132E /* MVVMProduct.app */ = {isa = PBXFileReference; explicitFileType = wrapper.application; includeInIndex = 0; path = MVVMProduct.app; sourceTree = BUILT_PRODUCTS_DIR; };
		431E16DA2B37492E000F132E /* AppDelegate.swift */ = {isa = PBXFileReference; lastKnownFileType = sourcecode.swift; path = AppDelegate.swift; sourceTree = "<group>"; };
		431E16DC2B37492E000F132E /* SceneDelegate.swift */ = {isa = PBXFileReference; lastKnownFileType = sourcecode.swift; path = SceneDelegate.swift; sourceTree = "<group>"; };
		431E16E12B37492E000F132E /* Base */ = {isa = PBXFileReference; lastKnownFileType = file.storyboard; name = Base; path = Base.lproj/Main.storyboard; sourceTree = "<group>"; };
		431E16E32B37492F000F132E /* Assets.xcassets */ = {isa = PBXFileReference; lastKnownFileType = folder.assetcatalog; path = Assets.xcassets; sourceTree = "<group>"; };
		431E16E62B37492F000F132E /* Base */ = {isa = PBXFileReference; lastKnownFileType = file.storyboard; name = Base; path = Base.lproj/LaunchScreen.storyboard; sourceTree = "<group>"; };
		431E16E82B37492F000F132E /* Info.plist */ = {isa = PBXFileReference; lastKnownFileType = text.plist.xml; path = Info.plist; sourceTree = "<group>"; };
		431E16F92B374AA9000F132E /* ProductModel.swift */ = {isa = PBXFileReference; lastKnownFileType = sourcecode.swift; path = ProductModel.swift; sourceTree = "<group>"; };
		431E16FB2B374BF0000F132E /* ApiManager.swift */ = {isa = PBXFileReference; lastKnownFileType = sourcecode.swift; path = ApiManager.swift; sourceTree = "<group>"; };
		431E16FD2B375D63000F132E /* Constant.swift */ = {isa = PBXFileReference; lastKnownFileType = sourcecode.swift; path = Constant.swift; sourceTree = "<group>"; };
		431E16FF2B37674D000F132E /* ProductListViewController.swift */ = {isa = PBXFileReference; lastKnownFileType = sourcecode.swift; path = ProductListViewController.swift; sourceTree = "<group>"; };
		431E17012B376931000F132E /* ProductViewModel.swift */ = {isa = PBXFileReference; lastKnownFileType = sourcecode.swift; path = ProductViewModel.swift; sourceTree = "<group>"; };
/* End PBXFileReference section */

/* Begin PBXFrameworksBuildPhase section */
		431E16D42B37492E000F132E /* Frameworks */ = {
			isa = PBXFrameworksBuildPhase;
			buildActionMask = 2147483647;
			files = (
			);
			runOnlyForDeploymentPostprocessing = 0;
		};
/* End PBXFrameworksBuildPhase section */

/* Begin PBXGroup section */
		431E16CE2B37492E000F132E = {
			isa = PBXGroup;
			children = (
				431E16D92B37492E000F132E /* MVVMProduct */,
				431E16D82B37492E000F132E /* Products */,
			);
			sourceTree = "<group>";
		};
		431E16D82B37492E000F132E /* Products */ = {
			isa = PBXGroup;
			children = (
				431E16D72B37492E000F132E /* MVVMProduct.app */,
			);
			name = Products;
			sourceTree = "<group>";
		};
		431E16D92B37492E000F132E /* MVVMProduct */ = {
			isa = PBXGroup;
			children = (
				431E16F42B374950000F132E /* Application */,
				431E16F32B37494F000F132E /* Extensions */,
				431E16F22B37494D000F132E /* Constant */,
				431E16F12B37494A000F132E /* Helper */,
				431E16F02B374948000F132E /* Screens */,
				431E16EF2B374941000F132E /* StoryBoard */,
				431E16EE2B37493F000F132E /* Resources */,
				431E16E82B37492F000F132E /* Info.plist */,
			);
			path = MVVMProduct;
			sourceTree = "<group>";
		};
		431E16EE2B37493F000F132E /* Resources */ = {
			isa = PBXGroup;
			children = (
				431E16E32B37492F000F132E /* Assets.xcassets */,
			);
			path = Resources;
			sourceTree = "<group>";
		};
		431E16EF2B374941000F132E /* StoryBoard */ = {
			isa = PBXGroup;
			children = (
				431E16E02B37492E000F132E /* Main.storyboard */,
				431E16E52B37492F000F132E /* LaunchScreen.storyboard */,
			);
			path = StoryBoard;
			sourceTree = "<group>";
		};
		431E16F02B374948000F132E /* Screens */ = {
			isa = PBXGroup;
			children = (
				431E16F52B3749BB000F132E /* Product */,
			);
			path = Screens;
			sourceTree = "<group>";
		};
		431E16F12B37494A000F132E /* Helper */ = {
			isa = PBXGroup;
			children = (
				431E16FB2B374BF0000F132E /* ApiManager.swift */,
			);
			path = Helper;
			sourceTree = "<group>";
		};
		431E16F22B37494D000F132E /* Constant */ = {
			isa = PBXGroup;
			children = (
				431E16FD2B375D63000F132E /* Constant.swift */,
			);
			path = Constant;
			sourceTree = "<group>";
		};
		431E16F32B37494F000F132E /* Extensions */ = {
			isa = PBXGroup;
			children = (
			);
			path = Extensions;
			sourceTree = "<group>";
		};
		431E16F42B374950000F132E /* Application */ = {
			isa = PBXGroup;
			children = (
				431E16DA2B37492E000F132E /* AppDelegate.swift */,
				431E16DC2B37492E000F132E /* SceneDelegate.swift */,
			);
			path = Application;
			sourceTree = "<group>";
		};
		431E16F52B3749BB000F132E /* Product */ = {
			isa = PBXGroup;
			children = (
				431E16F82B3749CB000F132E /* Model */,
				431E16F72B3749CA000F132E /* View */,
				431E16F62B3749C7000F132E /* ViewModel */,
			);
			path = Product;
			sourceTree = "<group>";
		};
		431E16F62B3749C7000F132E /* ViewModel */ = {
			isa = PBXGroup;
			children = (
				431E17012B376931000F132E /* ProductViewModel.swift */,
			);
			path = ViewModel;
			sourceTree = "<group>";
		};
		431E16F72B3749CA000F132E /* View */ = {
			isa = PBXGroup;
			children = (
				431E16FF2B37674D000F132E /* ProductListViewController.swift */,
			);
			path = View;
			sourceTree = "<group>";
		};
		431E16F82B3749CB000F132E /* Model */ = {
			isa = PBXGroup;
			children = (
				431E16F92B374AA9000F132E /* ProductModel.swift */,
			);
			path = Model;
			sourceTree = "<group>";
		};
/* End PBXGroup section */

/* Begin PBXNativeTarget section */
		431E16D62B37492E000F132E /* MVVMProduct */ = {
			isa = PBXNativeTarget;
			buildConfigurationList = 431E16EB2B37492F000F132E /* Build configuration list for PBXNativeTarget "MVVMProduct" */;
			buildPhases = (
				431E16D32B37492E000F132E /* Sources */,
				431E16D42B37492E000F132E /* Frameworks */,
				431E16D52B37492E000F132E /* Resources */,
			);
			buildRules = (
			);
			dependencies = (
			);
			name = MVVMProduct;
			productName = MVVMProduct;
			productReference = 431E16D72B37492E000F132E /* MVVMProduct.app */;
			productType = "com.apple.product-type.application";
		};
/* End PBXNativeTarget section */

/* Begin PBXProject section */
		431E16CF2B37492E000F132E /* Project object */ = {
			isa = PBXProject;
			attributes = {
				BuildIndependentTargetsInParallel = 1;
				LastSwiftUpdateCheck = 1430;
				LastUpgradeCheck = 1430;
				TargetAttributes = {
					431E16D62B37492E000F132E = {
						CreatedOnToolsVersion = 14.3.1;
					};
				};
			};
			buildConfigurationList = 431E16D22B37492E000F132E /* Build configuration list for PBXProject "MVVMProduct" */;
			compatibilityVersion = "Xcode 14.0";
			developmentRegion = en;
			hasScannedForEncodings = 0;
			knownRegions = (
				en,
				Base,
			);
			mainGroup = 431E16CE2B37492E000F132E;
			productRefGroup = 431E16D82B37492E000F132E /* Products */;
			projectDirPath = "";
			projectRoot = "";
			targets = (
				431E16D62B37492E000F132E /* MVVMProduct */,
			);
		};
/* End PBXProject section */

/* Begin PBXResourcesBuildPhase section */
		431E16D52B37492E000F132E /* Resources */ = {
			isa = PBXResourcesBuildPhase;
			buildActionMask = 2147483647;
			files = (
				431E16E72B37492F000F132E /* LaunchScreen.storyboard in Resources */,
				431E16E42B37492F000F132E /* Assets.xcassets in Resources */,
				431E16E22B37492E000F132E /* Main.storyboard in Resources */,
			);
			runOnlyForDeploymentPostprocessing = 0;
		};
/* End PBXResourcesBuildPhase section */

/* Begin PBXSourcesBuildPhase section */
		431E16D32B37492E000F132E /* Sources */ = {
			isa = PBXSourcesBuildPhase;
			buildActionMask = 2147483647;
			files = (
				431E17022B376931000F132E /* ProductViewModel.swift in Sources */,
				431E16FC2B374BF0000F132E /* ApiManager.swift in Sources */,
				431E16DB2B37492E000F132E /* AppDelegate.swift in Sources */,
				431E16FE2B375D63000F132E /* Constant.swift in Sources */,
				431E16FA2B374AA9000F132E /* ProductModel.swift in Sources */,
				431E17002B37674D000F132E /* ProductListViewController.swift in Sources */,
				431E16DD2B37492E000F132E /* SceneDelegate.swift in Sources */,
			);
			runOnlyForDeploymentPostprocessing = 0;
		};
/* End PBXSourcesBuildPhase section */

/* Begin PBXVariantGroup section */
		431E16E02B37492E000F132E /* Main.storyboard */ = {
			isa = PBXVariantGroup;
			children = (
				431E16E12B37492E000F132E /* Base */,
			);
			name = Main.storyboard;
			sourceTree = "<group>";
		};
		431E16E52B37492F000F132E /* LaunchScreen.storyboard */ = {
			isa = PBXVariantGroup;
			children = (
				431E16E62B37492F000F132E /* Base */,
			);
			name = LaunchScreen.storyboard;
			sourceTree = "<group>";
		};
/* End PBXVariantGroup section */

/* Begin XCBuildConfiguration section */
		431E16E92B37492F000F132E /* Debug */ = {
			isa = XCBuildConfiguration;
			buildSettings = {
				ALWAYS_SEARCH_USER_PATHS = NO;
				CLANG_ANALYZER_NONNULL = YES;
				CLANG_ANALYZER_NUMBER_OBJECT_CONVERSION = YES_AGGRESSIVE;
				CLANG_CXX_LANGUAGE_STANDARD = "gnu++20";
				CLANG_ENABLE_MODULES = YES;
				CLANG_ENABLE_OBJC_ARC = YES;
				CLANG_ENABLE_OBJC_WEAK = YES;
				CLANG_WARN_BLOCK_CAPTURE_AUTORELEASING = YES;
				CLANG_WARN_BOOL_CONVERSION = YES;
				CLANG_WARN_COMMA = YES;
				CLANG_WARN_CONSTANT_CONVERSION = YES;
				CLANG_WARN_DEPRECATED_OBJC_IMPLEMENTATIONS = YES;
				CLANG_WARN_DIRECT_OBJC_ISA_USAGE = YES_ERROR;
				CLANG_WARN_DOCUMENTATION_COMMENTS = YES;
				CLANG_WARN_EMPTY_BODY = YES;
				CLANG_WARN_ENUM_CONVERSION = YES;
				CLANG_WARN_INFINITE_RECURSION = YES;
				CLANG_WARN_INT_CONVERSION = YES;
				CLANG_WARN_NON_LITERAL_NULL_CONVERSION = YES;
				CLANG_WARN_OBJC_IMPLICIT_RETAIN_SELF = YES;
				CLANG_WARN_OBJC_LITERAL_CONVERSION = YES;
				CLANG_WARN_OBJC_ROOT_CLASS = YES_ERROR;
				CLANG_WARN_QUOTED_INCLUDE_IN_FRAMEWORK_HEADER = YES;
				CLANG_WARN_RANGE_LOOP_ANALYSIS = YES;
				CLANG_WARN_STRICT_PROTOTYPES = YES;
				CLANG_WARN_SUSPICIOUS_MOVE = YES;
				CLANG_WARN_UNGUARDED_AVAILABILITY = YES_AGGRESSIVE;
				CLANG_WARN_UNREACHABLE_CODE = YES;
				CLANG_WARN__DUPLICATE_METHOD_MATCH = YES;
				COPY_PHASE_STRIP = NO;
				DEBUG_INFORMATION_FORMAT = dwarf;
				ENABLE_STRICT_OBJC_MSGSEND = YES;
				ENABLE_TESTABILITY = YES;
				GCC_C_LANGUAGE_STANDARD = gnu11;
				GCC_DYNAMIC_NO_PIC = NO;
				GCC_NO_COMMON_BLOCKS = YES;
				GCC_OPTIMIZATION_LEVEL = 0;
				GCC_PREPROCESSOR_DEFINITIONS = (
					"DEBUG=1",
					"$(inherited)",
				);
				GCC_WARN_64_TO_32_BIT_CONVERSION = YES;
				GCC_WARN_ABOUT_RETURN_TYPE = YES_ERROR;
				GCC_WARN_UNDECLARED_SELECTOR = YES;
				GCC_WARN_UNINITIALIZED_AUTOS = YES_AGGRESSIVE;
				GCC_WARN_UNUSED_FUNCTION = YES;
				GCC_WARN_UNUSED_VARIABLE = YES;
				IPHONEOS_DEPLOYMENT_TARGET = 16.4;
				MTL_ENABLE_DEBUG_INFO = INCLUDE_SOURCE;
				MTL_FAST_MATH = YES;
				ONLY_ACTIVE_ARCH = YES;
				SDKROOT = iphoneos;
				SWIFT_ACTIVE_COMPILATION_CONDITIONS = DEBUG;
				SWIFT_OPTIMIZATION_LEVEL = "-Onone";
			};
			name = Debug;
		};
		431E16EA2B37492F000F132E /* Release */ = {
			isa = XCBuildConfiguration;
			buildSettings = {
				ALWAYS_SEARCH_USER_PATHS = NO;
				CLANG_ANALYZER_NONNULL = YES;
				CLANG_ANALYZER_NUMBER_OBJECT_CONVERSION = YES_AGGRESSIVE;
				CLANG_CXX_LANGUAGE_STANDARD = "gnu++20";
				CLANG_ENABLE_MODULES = YES;
				CLANG_ENABLE_OBJC_ARC = YES;
				CLANG_ENABLE_OBJC_WEAK = YES;
				CLANG_WARN_BLOCK_CAPTURE_AUTORELEASING = YES;
				CLANG_WARN_BOOL_CONVERSION = YES;
				CLANG_WARN_COMMA = YES;
				CLANG_WARN_CONSTANT_CONVERSION = YES;
				CLANG_WARN_DEPRECATED_OBJC_IMPLEMENTATIONS = YES;
				CLANG_WARN_DIRECT_OBJC_ISA_USAGE = YES_ERROR;
				CLANG_WARN_DOCUMENTATION_COMMENTS = YES;
				CLANG_WARN_EMPTY_BODY = YES;
				CLANG_WARN_ENUM_CONVERSION = YES;
				CLANG_WARN_INFINITE_RECURSION = YES;
				CLANG_WARN_INT_CONVERSION = YES;
				CLANG_WARN_NON_LITERAL_NULL_CONVERSION = YES;
				CLANG_WARN_OBJC_IMPLICIT_RETAIN_SELF = YES;
				CLANG_WARN_OBJC_LITERAL_CONVERSION = YES;
				CLANG_WARN_OBJC_ROOT_CLASS = YES_ERROR;
				CLANG_WARN_QUOTED_INCLUDE_IN_FRAMEWORK_HEADER = YES;
				CLANG_WARN_RANGE_LOOP_ANALYSIS = YES;
				CLANG_WARN_STRICT_PROTOTYPES = YES;
				CLANG_WARN_SUSPICIOUS_MOVE = YES;
				CLANG_WARN_UNGUARDED_AVAILABILITY = YES_AGGRESSIVE;
				CLANG_WARN_UNREACHABLE_CODE = YES;
				CLANG_WARN__DUPLICATE_METHOD_MATCH = YES;
				COPY_PHASE_STRIP = NO;
				DEBUG_INFORMATION_FORMAT = "dwarf-with-dsym";
				ENABLE_NS_ASSERTIONS = NO;
				ENABLE_STRICT_OBJC_MSGSEND = YES;
				GCC_C_LANGUAGE_STANDARD = gnu11;
				GCC_NO_COMMON_BLOCKS = YES;
				GCC_WARN_64_TO_32_BIT_CONVERSION = YES;
				GCC_WARN_ABOUT_RETURN_TYPE = YES_ERROR;
				GCC_WARN_UNDECLARED_SELECTOR = YES;
				GCC_WARN_UNINITIALIZED_AUTOS = YES_AGGRESSIVE;
				GCC_WARN_UNUSED_FUNCTION = YES;
				GCC_WARN_UNUSED_VARIABLE = YES;
				IPHONEOS_DEPLOYMENT_TARGET = 16.4;
				MTL_ENABLE_DEBUG_INFO = NO;
				MTL_FAST_MATH = YES;
				SDKROOT = iphoneos;
				SWIFT_COMPILATION_MODE = wholemodule;
				SWIFT_OPTIMIZATION_LEVEL = "-O";
				VALIDATE_PRODUCT = YES;
			};
			name = Release;
		};
		431E16EC2B37492F000F132E /* Debug */ = {
			isa = XCBuildConfiguration;
			buildSettings = {
				ASSETCATALOG_COMPILER_APPICON_NAME = AppIcon;
				ASSETCATALOG_COMPILER_GLOBAL_ACCENT_COLOR_NAME = AccentColor;
				CODE_SIGN_STYLE = Automatic;
				CURRENT_PROJECT_VERSION = 1;
				DEVELOPMENT_TEAM = 738V9BJVV7;
				GENERATE_INFOPLIST_FILE = YES;
				INFOPLIST_FILE = MVVMProduct/Info.plist;
				INFOPLIST_KEY_UIApplicationSupportsIndirectInputEvents = YES;
				INFOPLIST_KEY_UILaunchStoryboardName = LaunchScreen;
				INFOPLIST_KEY_UIMainStoryboardFile = Main;
				INFOPLIST_KEY_UISupportedInterfaceOrientations_iPad = "UIInterfaceOrientationPortrait UIInterfaceOrientationPortraitUpsideDown UIInterfaceOrientationLandscapeLeft UIInterfaceOrientationLandscapeRight";
				INFOPLIST_KEY_UISupportedInterfaceOrientations_iPhone = "UIInterfaceOrientationPortrait UIInterfaceOrientationLandscapeLeft UIInterfaceOrientationLandscapeRight";
				LD_RUNPATH_SEARCH_PATHS = (
					"$(inherited)",
					"@executable_path/Frameworks",
				);
				MARKETING_VERSION = 1.0;
				PRODUCT_BUNDLE_IDENTIFIER = Charger.Sample.MVVMProduct;
				PRODUCT_NAME = "$(TARGET_NAME)";
				SWIFT_EMIT_LOC_STRINGS = YES;
				SWIFT_VERSION = 5.0;
				TARGETED_DEVICE_FAMILY = "1,2";
			};
			name = Debug;
		};
		431E16ED2B37492F000F132E /* Release */ = {
			isa = XCBuildConfiguration;
			buildSettings = {
				ASSETCATALOG_COMPILER_APPICON_NAME = AppIcon;
				ASSETCATALOG_COMPILER_GLOBAL_ACCENT_COLOR_NAME = AccentColor;
				CODE_SIGN_STYLE = Automatic;
				CURRENT_PROJECT_VERSION = 1;
				DEVELOPMENT_TEAM = 738V9BJVV7;
				GENERATE_INFOPLIST_FILE = YES;
				INFOPLIST_FILE = MVVMProduct/Info.plist;
				INFOPLIST_KEY_UIApplicationSupportsIndirectInputEvents = YES;
				INFOPLIST_KEY_UILaunchStoryboardName = LaunchScreen;
				INFOPLIST_KEY_UIMainStoryboardFile = Main;
				INFOPLIST_KEY_UISupportedInterfaceOrientations_iPad = "UIInterfaceOrientationPortrait UIInterfaceOrientationPortraitUpsideDown UIInterfaceOrientationLandscapeLeft UIInterfaceOrientationLandscapeRight";
				INFOPLIST_KEY_UISupportedInterfaceOrientations_iPhone = "UIInterfaceOrientationPortrait UIInterfaceOrientationLandscapeLeft UIInterfaceOrientationLandscapeRight";
				LD_RUNPATH_SEARCH_PATHS = (
					"$(inherited)",
					"@executable_path/Frameworks",
				);
				MARKETING_VERSION = 1.0;
				PRODUCT_BUNDLE_IDENTIFIER = Charger.Sample.MVVMProduct;
				PRODUCT_NAME = "$(TARGET_NAME)";
				SWIFT_EMIT_LOC_STRINGS = YES;
				SWIFT_VERSION = 5.0;
				TARGETED_DEVICE_FAMILY = "1,2";
			};
			name = Release;
		};
/* End XCBuildConfiguration section */

/* Begin XCConfigurationList section */
		431E16D22B37492E000F132E /* Build configuration list for PBXProject "MVVMProduct" */ = {
			isa = XCConfigurationList;
			buildConfigurations = (
				431E16E92B37492F000F132E /* Debug */,
				431E16EA2B37492F000F132E /* Release */,
			);
			defaultConfigurationIsVisible = 0;
			defaultConfigurationName = Release;
		};
		431E16EB2B37492F000F132E /* Build configuration list for PBXNativeTarget "MVVMProduct" */ = {
			isa = XCConfigurationList;
			buildConfigurations = (
				431E16EC2B37492F000F132E /* Debug */,
				431E16ED2B37492F000F132E /* Release */,
			);
			defaultConfigurationIsVisible = 0;
			defaultConfigurationName = Release;
		};
/* End XCConfigurationList section */
	};
	rootObject = 431E16CF2B37492E000F132E /* Project object */;
}
